
Microsoft Visual Studio Solution File, Format Version 12.00
# Visual Studio Version 17
VisualStudioVersion = 17.2.32602.215
MinimumVisualStudioVersion = 10.0.40219.1
Project("{FAE04EC0-301F-11D3-BF4B-00C04F79EFBC}") = "BestOil", "BestOil\BestOil.csproj", "{E2357467-D7CA-45DD-8520-85536AB67CCD}"
EndProject
Global
	GlobalSection(SolutionConfigurationPlatforms) = preSolution
		Debug|Any CPU = Debug|Any CPU
		Release|Any CPU = Release|Any CPU
	EndGlobalSection
	GlobalSection(ProjectConfigurationPlatforms) = postSolution
		{E2357467-D7CA-45DD-8520-85536AB67CCD}.Debug|Any CPU.ActiveCfg = Debug|Any CPU
		{E2357467-D7CA-45DD-8520-85536AB67CCD}.Debug|Any CPU.Build.0 = Debug|Any CPU
		{E2357467-D7CA-45DD-8520-85536AB67CCD}.Release|Any CPU.ActiveCfg = Release|Any CPU
		{E2357467-D7CA-45DD-8520-85536AB67CCD}.Release|Any CPU.Build.0 = Release|Any CPU
	EndGlobalSection
	GlobalSection(SolutionProperties) = preSolution
		HideSolutionNode = FALSE
	EndGlobalSection
	GlobalSection(ExtensibilityGlobals) = postSolution
		SolutionGuid = {D39A8725-E76F-4998-A3C1-9365F2A77212}
	EndGlobalSection
EndGlobal
